github.com/danilobml/go-webtoolkit v0.0.0-20250720130111-78d613fe1fd0 h1:hLjs91nembW1cN9sUx0lz84xNZWeCLpj/kSijnQ5YGs=
github.com/danilobml/go-webtoolkit v0.0.0-20250720130111-78d613fe1fd0/go.mod h1:KFDYdNy+moNSJknRPtQs0Y7nxt58osGj1xnIN2FEj00=
github.com/rabbitmq/amqp091-go v1.10.0 h1:STpn5XsHlHGcecLmMFCtg7mqq0RnD+zFr4uzukfVhBw=
github.com/rabbitmq/amqp091-go v1.10.0/go.mod h1:Hy4jKW5kQART1u+JkDTF9YYOQUHXqMuhrgxOEeS7G4o=
